{
  "version": 4,
  "terraform_version": "1.4.6",
  "serial": 9,
  "lineage": "9f1dc34c-7673-57e7-f8aa-4e4c784ca77c",
  "outputs": {},
  "resources": [
    {
      "mode": "managed",
      "type": "azurerm_service_plan",
      "name": "appserviceplan",
      "provider": "provider[\"registry.terraform.io/hashicorp/azurerm\"]",
      "instances": [
        {
          "schema_version": 0,
          "attributes": {
            "app_service_environment_id": "",
            "id": "/subscriptions/9125290c-f368-4e55-8694-d7912fb0f111/resourceGroups/rg-eastus-documentservice-sandbox/providers/Microsoft.Web/serverfarms/mridocs-appserviceplan-DEV",
            "kind": "app",
            "location": "eastus",
            "maximum_elastic_worker_count": 1,
            "name": "mridocs-appserviceplan-DEV",
            "os_type": "Windows",
            "per_site_scaling_enabled": false,
            "reserved": false,
            "resource_group_name": "rg-eastus-documentservice-sandbox",
            "sku_name": "B1",
            "tags": {},
            "timeouts": null,
            "worker_count": 1
          },
          "sensitive_attributes": [],
          "private": "eyJlMmJmYjczMC1lY2FhLTExZTYtOGY4OC0zNDM2M2JjN2M0YzAiOnsiY3JlYXRlIjozNjAwMDAwMDAwMDAwLCJkZWxldGUiOjM2MDAwMDAwMDAwMDAsInJlYWQiOjMwMDAwMDAwMDAwMCwidXBkYXRlIjozNjAwMDAwMDAwMDAwfX0="
        }
      ]
    },
    {
      "mode": "managed",
      "type": "azurerm_windows_web_app",
      "name": "api",
      "provider": "provider[\"registry.terraform.io/hashicorp/azurerm\"]",
      "instances": [
        {
          "schema_version": 0,
          "attributes": {
            "app_settings": {
              "WEBSITE_ENABLE_SYNC_UPDATE_SITE": "true",
              "WEBSITE_RUN_FROM_PACKAGE": "1"
            },
            "auth_settings": [
              {
                "active_directory": [],
                "additional_login_parameters": {},
                "allowed_external_redirect_urls": [],
                "default_provider": "",
                "enabled": false,
                "facebook": [],
                "github": [],
                "google": [],
                "issuer": "",
                "microsoft": [],
                "runtime_version": "",
                "token_refresh_extension_hours": 0,
                "token_store_enabled": false,
                "twitter": [],
                "unauthenticated_client_action": ""
              }
            ],
            "backup": [],
            "client_affinity_enabled": false,
            "client_certificate_enabled": false,
            "client_certificate_mode": "Required",
            "connection_string": [],
            "custom_domain_verification_id": "380B0ACD8BB10A83D7C6CFC2E6AFDB9FD4FC5DCF6A85651B3EACECF63C4546D6",
            "default_hostname": "mridocs-api-dev.azurewebsites.net",
            "enabled": true,
            "https_only": false,
            "id": "/subscriptions/9125290c-f368-4e55-8694-d7912fb0f111/resourceGroups/rg-eastus-documentservice-sandbox/providers/Microsoft.Web/sites/mridocs-api-dev",
            "identity": [],
            "key_vault_reference_identity_id": "SystemAssigned",
            "kind": "app",
            "location": "eastus",
            "logs": [],
            "name": "mridocs-api-dev",
            "outbound_ip_address_list": [
              "52.226.197.226",
              "52.226.197.253",
              "52.226.198.11",
              "52.226.198.121",
              "52.226.198.253",
              "52.226.199.102",
              "20.119.8.40"
            ],
            "outbound_ip_addresses": "52.226.197.226,52.226.197.253,52.226.198.11,52.226.198.121,52.226.198.253,52.226.199.102,20.119.8.40",
            "possible_outbound_ip_address_list": [
              "52.226.197.226",
              "52.226.197.253",
              "52.226.198.11",
              "52.226.198.121",
              "52.226.198.253",
              "52.226.199.102",
              "20.119.120.88",
              "20.119.120.125",
              "20.119.120.165",
              "20.119.121.113",
              "20.119.121.149",
              "20.119.121.155",
              "20.119.122.49",
              "20.119.122.84",
              "20.119.122.106",
              "20.119.122.120",
              "20.119.122.152",
              "20.119.122.206",
              "20.119.123.116",
              "20.119.123.204",
              "20.119.124.78",
              "20.119.124.150",
              "20.119.120.215",
              "20.119.126.124",
              "20.119.126.225",
              "20.119.127.10",
              "20.119.127.124",
              "20.121.72.250",
              "20.121.73.203",
              "20.121.74.2",
              "20.119.8.40"
            ],
            "possible_outbound_ip_addresses": "52.226.197.226,52.226.197.253,52.226.198.11,52.226.198.121,52.226.198.253,52.226.199.102,20.119.120.88,20.119.120.125,20.119.120.165,20.119.121.113,20.119.121.149,20.119.121.155,20.119.122.49,20.119.122.84,20.119.122.106,20.119.122.120,20.119.122.152,20.119.122.206,20.119.123.116,20.119.123.204,20.119.124.78,20.119.124.150,20.119.120.215,20.119.126.124,20.119.126.225,20.119.127.10,20.119.127.124,20.121.72.250,20.121.73.203,20.121.74.2,20.119.8.40",
            "resource_group_name": "rg-eastus-documentservice-sandbox",
            "service_plan_id": "/subscriptions/9125290c-f368-4e55-8694-d7912fb0f111/resourceGroups/rg-eastus-documentservice-sandbox/providers/Microsoft.Web/serverfarms/mridocs-appserviceplan-DEV",
            "site_config": [
              {
                "always_on": true,
                "api_definition_url": "",
                "api_management_api_id": "",
                "app_command_line": "",
                "application_stack": [
                  {
                    "current_stack": "dotnet",
                    "docker_container_name": "",
                    "docker_container_registry": "",
                    "docker_container_tag": "",
                    "dotnet_version": "",
                    "java_container": "",
                    "java_container_version": "",
                    "java_version": "",
                    "node_version": "",
                    "php_version": "",
                    "python_version": ""
                  }
                ],
                "auto_heal_enabled": false,
                "auto_heal_setting": [],
                "container_registry_managed_identity_client_id": "",
                "container_registry_use_managed_identity": false,
                "cors": [],
                "default_documents": [
                  "Default.htm",
                  "Default.html",
                  "Default.asp",
                  "index.htm",
                  "index.html",
                  "iisstart.htm",
                  "default.aspx",
                  "index.php",
                  "hostingstart.html"
                ],
                "detailed_error_logging_enabled": false,
                "ftps_state": "Disabled",
                "health_check_eviction_time_in_min": 0,
                "health_check_path": "",
                "http2_enabled": false,
                "ip_restriction": [],
                "linux_fx_version": "",
                "load_balancing_mode": "LeastRequests",
                "local_mysql_enabled": false,
                "managed_pipeline_mode": "Integrated",
                "minimum_tls_version": "1.2",
                "remote_debugging_enabled": false,
                "remote_debugging_version": "VS2019",
                "scm_ip_restriction": [],
                "scm_minimum_tls_version": "1.2",
                "scm_type": "VSTSRM",
                "scm_use_main_ip_restriction": false,
                "use_32_bit_worker": true,
                "virtual_application": [],
                "vnet_route_all_enabled": false,
                "websockets_enabled": false,
                "windows_fx_version": "",
                "worker_count": 1
              }
            ],
            "site_credential": [
              {
                "name": "$mridocs-api-dev",
                "password": "CmHX1QSHtvhZ8ydAuvvWwghqkJZZ1MwcSSkHh5BrRj4wvHQp94YKfftKFi08"
              }
            ],
            "storage_account": [],
            "tags": {},
            "timeouts": null
          },
          "sensitive_attributes": [],
          "private": "eyJlMmJmYjczMC1lY2FhLTExZTYtOGY4OC0zNDM2M2JjN2M0YzAiOnsiY3JlYXRlIjoxODAwMDAwMDAwMDAwLCJkZWxldGUiOjE4MDAwMDAwMDAwMDAsInJlYWQiOjMwMDAwMDAwMDAwMCwidXBkYXRlIjoxODAwMDAwMDAwMDAwfX0=",
          "dependencies": [
            "azurerm_service_plan.appserviceplan"
          ]
        }
      ]
    },
    {
      "mode": "managed",
      "type": "azurerm_windows_web_app",
      "name": "webapp",
      "provider": "provider[\"registry.terraform.io/hashicorp/azurerm\"]",
      "instances": [
        {
          "schema_version": 0,
          "attributes": {
            "app_settings": {
              "ASPNETCORE_ENVIRONMENT": "Development",
              "SettingsDBConnection": "Server=tcp:mridoc-admin-dbserver.database.windows.net,1433;Initial Catalog=ConnectDocsAdmin;Persist Security Info=False;User ID=dbserver;Password=Mrisoftware@123;MultipleActiveResultSets=False;Encrypt=True;TrustServerCertificate=False;Connection Timeout=30;",
              "WEBSITE_ENABLE_SYNC_UPDATE_SITE": "true",
              "WEBSITE_RUN_FROM_PACKAGE": "1"
            },
            "auth_settings": [
              {
                "active_directory": [],
                "additional_login_parameters": {},
                "allowed_external_redirect_urls": [],
                "default_provider": "",
                "enabled": false,
                "facebook": [],
                "github": [],
                "google": [],
                "issuer": "",
                "microsoft": [],
                "runtime_version": "",
                "token_refresh_extension_hours": 0,
                "token_store_enabled": false,
                "twitter": [],
                "unauthenticated_client_action": ""
              }
            ],
            "backup": [],
            "client_affinity_enabled": false,
            "client_certificate_enabled": false,
            "client_certificate_mode": "Required",
            "connection_string": [],
            "custom_domain_verification_id": "380B0ACD8BB10A83D7C6CFC2E6AFDB9FD4FC5DCF6A85651B3EACECF63C4546D6",
            "default_hostname": "mridocs-admin-dev.azurewebsites.net",
            "enabled": true,
            "https_only": false,
            "id": "/subscriptions/9125290c-f368-4e55-8694-d7912fb0f111/resourceGroups/rg-eastus-documentservice-sandbox/providers/Microsoft.Web/sites/mridocs-admin-dev",
            "identity": [],
            "key_vault_reference_identity_id": "SystemAssigned",
            "kind": "app",
            "location": "eastus",
            "logs": [],
            "name": "mridocs-admin-dev",
            "outbound_ip_address_list": [
              "52.226.197.226",
              "52.226.197.253",
              "52.226.198.11",
              "52.226.198.121",
              "52.226.198.253",
              "52.226.199.102",
              "20.119.8.40"
            ],
            "outbound_ip_addresses": "52.226.197.226,52.226.197.253,52.226.198.11,52.226.198.121,52.226.198.253,52.226.199.102,20.119.8.40",
            "possible_outbound_ip_address_list": [
              "52.226.197.226",
              "52.226.197.253",
              "52.226.198.11",
              "52.226.198.121",
              "52.226.198.253",
              "52.226.199.102",
              "20.119.120.88",
              "20.119.120.125",
              "20.119.120.165",
              "20.119.121.113",
              "20.119.121.149",
              "20.119.121.155",
              "20.119.122.49",
              "20.119.122.84",
              "20.119.122.106",
              "20.119.122.120",
              "20.119.122.152",
              "20.119.122.206",
              "20.119.123.116",
              "20.119.123.204",
              "20.119.124.78",
              "20.119.124.150",
              "20.119.120.215",
              "20.119.126.124",
              "20.119.126.225",
              "20.119.127.10",
              "20.119.127.124",
              "20.121.72.250",
              "20.121.73.203",
              "20.121.74.2",
              "20.119.8.40"
            ],
            "possible_outbound_ip_addresses": "52.226.197.226,52.226.197.253,52.226.198.11,52.226.198.121,52.226.198.253,52.226.199.102,20.119.120.88,20.119.120.125,20.119.120.165,20.119.121.113,20.119.121.149,20.119.121.155,20.119.122.49,20.119.122.84,20.119.122.106,20.119.122.120,20.119.122.152,20.119.122.206,20.119.123.116,20.119.123.204,20.119.124.78,20.119.124.150,20.119.120.215,20.119.126.124,20.119.126.225,20.119.127.10,20.119.127.124,20.121.72.250,20.121.73.203,20.121.74.2,20.119.8.40",
            "resource_group_name": "rg-eastus-documentservice-sandbox",
            "service_plan_id": "/subscriptions/9125290c-f368-4e55-8694-d7912fb0f111/resourceGroups/rg-eastus-documentservice-sandbox/providers/Microsoft.Web/serverfarms/mridocs-appserviceplan-DEV",
            "site_config": [
              {
                "always_on": true,
                "api_definition_url": "",
                "api_management_api_id": "",
                "app_command_line": "",
                "application_stack": [
                  {
                    "current_stack": "",
                    "docker_container_name": "",
                    "docker_container_registry": "",
                    "docker_container_tag": "",
                    "dotnet_version": "",
                    "java_container": "",
                    "java_container_version": "",
                    "java_version": "",
                    "node_version": "",
                    "php_version": "",
                    "python_version": ""
                  }
                ],
                "auto_heal_enabled": false,
                "auto_heal_setting": [],
                "container_registry_managed_identity_client_id": "",
                "container_registry_use_managed_identity": false,
                "cors": [],
                "default_documents": [
                  "Default.htm",
                  "Default.html",
                  "Default.asp",
                  "index.htm",
                  "index.html",
                  "iisstart.htm",
                  "default.aspx",
                  "index.php",
                  "hostingstart.html"
                ],
                "detailed_error_logging_enabled": false,
                "ftps_state": "Disabled",
                "health_check_eviction_time_in_min": 0,
                "health_check_path": "",
                "http2_enabled": false,
                "ip_restriction": [],
                "linux_fx_version": "",
                "load_balancing_mode": "LeastRequests",
                "local_mysql_enabled": false,
                "managed_pipeline_mode": "Integrated",
                "minimum_tls_version": "1.2",
                "remote_debugging_enabled": false,
                "remote_debugging_version": "VS2019",
                "scm_ip_restriction": [],
                "scm_minimum_tls_version": "1.2",
                "scm_type": "VSTSRM",
                "scm_use_main_ip_restriction": false,
                "use_32_bit_worker": true,
                "virtual_application": [],
                "vnet_route_all_enabled": false,
                "websockets_enabled": false,
                "windows_fx_version": "",
                "worker_count": 1
              }
            ],
            "site_credential": [
              {
                "name": "$mridocs-admin-dev",
                "password": "YHQmvxEvwahg6YpcDtyQEFKolar9paDJ3k7S1mMeaud55bXAklABomPBR07j"
              }
            ],
            "storage_account": [],
            "tags": {},
            "timeouts": null
          },
          "sensitive_attributes": [],
          "private": "eyJlMmJmYjczMC1lY2FhLTExZTYtOGY4OC0zNDM2M2JjN2M0YzAiOnsiY3JlYXRlIjoxODAwMDAwMDAwMDAwLCJkZWxldGUiOjE4MDAwMDAwMDAwMDAsInJlYWQiOjMwMDAwMDAwMDAwMCwidXBkYXRlIjoxODAwMDAwMDAwMDAwfX0=",
          "dependencies": [
            "azurerm_service_plan.appserviceplan"
          ]
        }
      ]
    }
  ],
  "check_results": null
}
